
Microsoft Visual Studio Solution File, Format Version 12.00
# Visual Studio Version 16
VisualStudioVersion = 16.0.33328.57
MinimumVisualStudioVersion = 10.0.40219.1
Project("{FAE04EC0-301F-11D3-BF4B-00C04F79EFBC}") = "BookCatalogue", "BookCatalogue.csproj", "{59B6B3CE-7AC4-4785-8ED1-EF1026547DFD}"
EndProject
Global
	GlobalSection(SolutionConfigurationPlatforms) = preSolution
		Debug|Any CPU = Debug|Any CPU
		Release|Any CPU = Release|Any CPU
	EndGlobalSection
	GlobalSection(ProjectConfigurationPlatforms) = postSolution
		{59B6B3CE-7AC4-4785-8ED1-EF1026547DFD}.Debug|Any CPU.ActiveCfg = Debug|Any CPU
		{59B6B3CE-7AC4-4785-8ED1-EF1026547DFD}.Debug|Any CPU.Build.0 = Debug|Any CPU
		{59B6B3CE-7AC4-4785-8ED1-EF1026547DFD}.Release|Any CPU.ActiveCfg = Release|Any CPU
		{59B6B3CE-7AC4-4785-8ED1-EF1026547DFD}.Release|Any CPU.Build.0 = Release|Any CPU
	EndGlobalSection
	GlobalSection(SolutionProperties) = preSolution
		HideSolutionNode = FALSE
	EndGlobalSection
	GlobalSection(ExtensibilityGlobals) = postSolution
		SolutionGuid = {4C6BA607-7667-4116-ADB6-82AEDF554AE2}
	EndGlobalSection
EndGlobal
